
Microsoft Visual Studio Solution File, Format Version 12.00
# Visual Studio Version 16
VisualStudioVersion = 16.0.30517.126
MinimumVisualStudioVersion = 10.0.40219.1
Project("{FAE04EC0-301F-11D3-BF4B-00C04F79EFBC}") = "Assign4_bsatovidal1", "Assign4_bsatovidal1.csproj", "{9392E260-C2DC-4345-B4AA-45E9847D979F}"
EndProject
Global
	GlobalSection(SolutionConfigurationPlatforms) = preSolution
		Debug|Any CPU = Debug|Any CPU
		Release|Any CPU = Release|Any CPU
	EndGlobalSection
	GlobalSection(ProjectConfigurationPlatforms) = postSolution
		{9392E260-C2DC-4345-B4AA-45E9847D979F}.Debug|Any CPU.ActiveCfg = Debug|Any CPU
		{9392E260-C2DC-4345-B4AA-45E9847D979F}.Debug|Any CPU.Build.0 = Debug|Any CPU
		{9392E260-C2DC-4345-B4AA-45E9847D979F}.Release|Any CPU.ActiveCfg = Release|Any CPU
		{9392E260-C2DC-4345-B4AA-45E9847D979F}.Release|Any CPU.Build.0 = Release|Any CPU
	EndGlobalSection
	GlobalSection(SolutionProperties) = preSolution
		HideSolutionNode = FALSE
	EndGlobalSection
	GlobalSection(ExtensibilityGlobals) = postSolution
		SolutionGuid = {D5D60D1F-8E1E-4B48-94C4-516873EFD1F9}
	EndGlobalSection
EndGlobal
